
Microsoft Visual Studio Solution File, Format Version 12.00
# Visual Studio Version 17
VisualStudioVersion = 17.6.33723.286
MinimumVisualStudioVersion = 10.0.40219.1
Project("{FAE04EC0-301F-11D3-BF4B-00C04F79EFBC}") = "MovieCrudUsingEF", "MovieCrudUsingEF\MovieCrudUsingEF.csproj", "{1A2AA80D-F2A5-4DD7-81A5-E54E4C0F3005}"
EndProject
Global
	GlobalSection(SolutionConfigurationPlatforms) = preSolution
		Debug|Any CPU = Debug|Any CPU
		Release|Any CPU = Release|Any CPU
	EndGlobalSection
	GlobalSection(ProjectConfigurationPlatforms) = postSolution
		{1A2AA80D-F2A5-4DD7-81A5-E54E4C0F3005}.Debug|Any CPU.ActiveCfg = Debug|Any CPU
		{1A2AA80D-F2A5-4DD7-81A5-E54E4C0F3005}.Debug|Any CPU.Build.0 = Debug|Any CPU
		{1A2AA80D-F2A5-4DD7-81A5-E54E4C0F3005}.Release|Any CPU.ActiveCfg = Release|Any CPU
		{1A2AA80D-F2A5-4DD7-81A5-E54E4C0F3005}.Release|Any CPU.Build.0 = Release|Any CPU
	EndGlobalSection
	GlobalSection(SolutionProperties) = preSolution
		HideSolutionNode = FALSE
	EndGlobalSection
	GlobalSection(ExtensibilityGlobals) = postSolution
		SolutionGuid = {E19AC989-4500-46C8-9867-AAB61D9D9761}
	EndGlobalSection
EndGlobal
